
Microsoft Visual Studio Solution File, Format Version 12.00
# Visual Studio 15
VisualStudioVersion = 15.0.26228.9
MinimumVisualStudioVersion = 10.0.40219.1
Project("{2150E333-8FDC-42A3-9474-1A3956D46DE8}") = "src", "src", "{B47B047F-19B0-48DF-8BA6-41A43C12B4CC}"
EndProject
Project("{2150E333-8FDC-42A3-9474-1A3956D46DE8}") = "tests", "tests", "{AA837655-A33E-4AE0-9205-E46CF7AEE8E6}"
EndProject
Project("{FAE04EC0-301F-11D3-BF4B-00C04F79EFBC}") = "ISO8583", "src\ISO8583\ISO8583.csproj", "{71EA2E98-1A6A-476A-89DE-2E96B9551C2D}"
EndProject
Project("{FAE04EC0-301F-11D3-BF4B-00C04F79EFBC}") = "ISO8583.Tests", "tests\ISO8583.Tests\ISO8583.Tests.csproj", "{BF97331E-C778-4734-B5B3-AEF807D483B9}"
EndProject
Project("{2150E333-8FDC-42A3-9474-1A3956D46DE8}") = "Solution Items", "Solution Items", "{8A3C7FC8-0496-4C53-AB21-FF637D7A629B}"
	ProjectSection(SolutionItems) = preProject
		global.json = global.json
	EndProjectSection
EndProject
Global
	GlobalSection(SolutionConfigurationPlatforms) = preSolution
		Debug|Any CPU = Debug|Any CPU
		Release|Any CPU = Release|Any CPU
	EndGlobalSection
	GlobalSection(ProjectConfigurationPlatforms) = postSolution
		{71EA2E98-1A6A-476A-89DE-2E96B9551C2D}.Debug|Any CPU.ActiveCfg = Debug|Any CPU
		{71EA2E98-1A6A-476A-89DE-2E96B9551C2D}.Debug|Any CPU.Build.0 = Debug|Any CPU
		{71EA2E98-1A6A-476A-89DE-2E96B9551C2D}.Release|Any CPU.ActiveCfg = Release|Any CPU
		{71EA2E98-1A6A-476A-89DE-2E96B9551C2D}.Release|Any CPU.Build.0 = Release|Any CPU
		{BF97331E-C778-4734-B5B3-AEF807D483B9}.Debug|Any CPU.ActiveCfg = Debug|Any CPU
		{BF97331E-C778-4734-B5B3-AEF807D483B9}.Debug|Any CPU.Build.0 = Debug|Any CPU
		{BF97331E-C778-4734-B5B3-AEF807D483B9}.Release|Any CPU.ActiveCfg = Release|Any CPU
		{BF97331E-C778-4734-B5B3-AEF807D483B9}.Release|Any CPU.Build.0 = Release|Any CPU
	EndGlobalSection
	GlobalSection(SolutionProperties) = preSolution
		HideSolutionNode = FALSE
	EndGlobalSection
	GlobalSection(NestedProjects) = preSolution
		{71EA2E98-1A6A-476A-89DE-2E96B9551C2D} = {B47B047F-19B0-48DF-8BA6-41A43C12B4CC}
		{BF97331E-C778-4734-B5B3-AEF807D483B9} = {AA837655-A33E-4AE0-9205-E46CF7AEE8E6}
	EndGlobalSection
EndGlobal
